{
    "_meta": {
        "hash": {
            "sha256": "ec2952607e06d3c485358804a035390227bd01942b2815883c2ff339c8416a72"
        },
        "pipfile-spec": 6,
        "requires": {
            "python_version": "3.7"
        },
        "sources": [
            {
                "name": "pypi",
                "url": "https://pypi.org/simple",
                "verify_ssl": true
            }
        ]
    },
    "default": {
        "pypng": {
            "hashes": [
                "sha256:3145d042947fa8121e6bd5a7e59149871bf8c13675c42371e12977499d7f3926"
            ],
            "index": "pypi",
            "version": "==0.0.19"
        }
    },
    "develop": {
        "pep8": {
            "hashes": [
                "sha256:b22cfae5db09833bb9bd7c8463b53e1a9c9b39f12e304a8d0bba729c501827ee",
                "sha256:fe249b52e20498e59e0b5c5256aa52ee99fc295b26ec9eaa85776ffdb9fe6374"
            ],
            "index": "pypi",
            "version": "==1.7.1"
        }
    }
}
